github.com/gotk3/gotk3 v0.6.1 h1:GJ400a0ecEEWrzjBvzBzH+pB/esEMIGdB9zPSmBdoeo=
github.com/gotk3/gotk3 v0.6.1/go.mod h1:/hqFpkNa9T3JgNAE2fLvCdov7c5bw//FHNZrZ3Uv9/Q=
github.com/pborman/getopt/v2 v2.1.0 h1:eNfR+r+dWLdWmV8g5OlpyrTYHkhVNxHBdN2cCrJmOEA=
github.com/pborman/getopt/v2 v2.1.0/go.mod h1:4NtW75ny4eBw9fO1bhtNdYTlZKYX5/tBLtsOpwKIKd0=
